// !$*UTF8*$!
{
	archiveVersion = 1;
	classes = {
	};
	objectVersion = 46;
	objects = {

/* Begin PBXBuildFile section */
		0E54123C1F154ADE00099B8C /* AppDelegate.swift in Sources */ = {isa = PBXBuildFile; fileRef = 0E54123B1F154ADE00099B8C /* AppDelegate.swift */; };
		0E5412411F154ADE00099B8C /* Main.storyboard in Resources */ = {isa = PBXBuildFile; fileRef = 0E54123F1F154ADE00099B8C /* Main.storyboard */; };
		0E5412431F154ADE00099B8C /* Assets.xcassets in Resources */ = {isa = PBXBuildFile; fileRef = 0E5412421F154ADE00099B8C /* Assets.xcassets */; };
		0E5412461F154ADE00099B8C /* LaunchScreen.storyboard in Resources */ = {isa = PBXBuildFile; fileRef = 0E5412441F154ADE00099B8C /* LaunchScreen.storyboard */; };
		0E5412511F154ADE00099B8C /* MoviesAppTests.swift in Sources */ = {isa = PBXBuildFile; fileRef = 0E5412501F154ADE00099B8C /* MoviesAppTests.swift */; };
		0E9BC3CD1F1554440032CC05 /* Unbox.framework in CopyFiles */ = {isa = PBXBuildFile; fileRef = 0E9BC3CA1F1554440032CC05 /* Unbox.framework */; settings = {ATTRIBUTES = (CodeSignOnCopy, RemoveHeadersOnCopy, ); }; };
		0E9BC3CE1F1554440032CC05 /* Siesta.framework in CopyFiles */ = {isa = PBXBuildFile; fileRef = 0E9BC3CB1F1554440032CC05 /* Siesta.framework */; settings = {ATTRIBUTES = (CodeSignOnCopy, RemoveHeadersOnCopy, ); }; };
		0E9BC3CF1F1554440032CC05 /* Alamofire.framework in CopyFiles */ = {isa = PBXBuildFile; fileRef = 0E9BC3CC1F1554440032CC05 /* Alamofire.framework */; settings = {ATTRIBUTES = (CodeSignOnCopy, RemoveHeadersOnCopy, ); }; };
		0E9BC3D11F15545A0032CC05 /* Unbox.framework in Frameworks */ = {isa = PBXBuildFile; fileRef = 0E9BC3CA1F1554440032CC05 /* Unbox.framework */; };
		0E9BC3D21F15545A0032CC05 /* Siesta.framework in Frameworks */ = {isa = PBXBuildFile; fileRef = 0E9BC3CB1F1554440032CC05 /* Siesta.framework */; };
		0E9BC3D31F15545A0032CC05 /* Alamofire.framework in Frameworks */ = {isa = PBXBuildFile; fileRef = 0E9BC3CC1F1554440032CC05 /* Alamofire.framework */; };
		0E9BC3D61F1555E00032CC05 /* APIClient.swift in Sources */ = {isa = PBXBuildFile; fileRef = 0E9BC3D51F1555E00032CC05 /* APIClient.swift */; };
		0E9BC3DA1F1557B90032CC05 /* Networking-Alamofire.swift in Sources */ = {isa = PBXBuildFile; fileRef = 0E9BC3D91F1557B90032CC05 /* Networking-Alamofire.swift */; };
		0E9BC3DE1F155C710032CC05 /* RequestParameters.swift in Sources */ = {isa = PBXBuildFile; fileRef = 0E9BC3DD1F155C710032CC05 /* RequestParameters.swift */; };
		0E9BC3E11F1561870032CC05 /* Movie.swift in Sources */ = {isa = PBXBuildFile; fileRef = 0E9BC3E01F1561870032CC05 /* Movie.swift */; };
		0E9BC3E31F1562980032CC05 /* SearchMoviesAPIClient.swift in Sources */ = {isa = PBXBuildFile; fileRef = 0E9BC3E21F1562980032CC05 /* SearchMoviesAPIClient.swift */; };
		0E9BC3E91F156D7C0032CC05 /* CachingProvider.swift in Sources */ = {isa = PBXBuildFile; fileRef = 0E9BC3E81F156D7C0032CC05 /* CachingProvider.swift */; };
		0E9BC3EB1F1575980032CC05 /* MoviesProvider.swift in Sources */ = {isa = PBXBuildFile; fileRef = 0E9BC3EA1F1575980032CC05 /* MoviesProvider.swift */; };
		0E9BC3F21F15B5780032CC05 /* MoviesViewModelBuilder.swift in Sources */ = {isa = PBXBuildFile; fileRef = 0E9BC3F11F15B5780032CC05 /* MoviesViewModelBuilder.swift */; };
		0E9BC3F71F15BA3D0032CC05 /* SearchMoviesPresenter.swift in Sources */ = {isa = PBXBuildFile; fileRef = 0E9BC3F61F15BA3D0032CC05 /* SearchMoviesPresenter.swift */; };
		0E9BC3FC1F15C34A0032CC05 /* DependeciesProvider.swift in Sources */ = {isa = PBXBuildFile; fileRef = 0E9BC3FB1F15C34A0032CC05 /* DependeciesProvider.swift */; };
		0E9BC3FE1F15C3A50032CC05 /* Constants.swift in Sources */ = {isa = PBXBuildFile; fileRef = 0E9BC3FD1F15C3A50032CC05 /* Constants.swift */; };
		0E9BC4011F15C7BD0032CC05 /* SearchMoviesViewController.swift in Sources */ = {isa = PBXBuildFile; fileRef = 0E9BC4001F15C7BD0032CC05 /* SearchMoviesViewController.swift */; };
		0E9BC4031F15E1320032CC05 /* MBProgressHUD.framework in CopyFiles */ = {isa = PBXBuildFile; fileRef = 0E9BC4021F15E1320032CC05 /* MBProgressHUD.framework */; settings = {ATTRIBUTES = (CodeSignOnCopy, RemoveHeadersOnCopy, ); }; };
		0E9BC4041F15E13E0032CC05 /* MBProgressHUD.framework in Frameworks */ = {isa = PBXBuildFile; fileRef = 0E9BC4021F15E1320032CC05 /* MBProgressHUD.framework */; };
		0E9BC4061F15E91D0032CC05 /* AlamofireImage.framework in CopyFiles */ = {isa = PBXBuildFile; fileRef = 0E9BC4051F15E91D0032CC05 /* AlamofireImage.framework */; settings = {ATTRIBUTES = (CodeSignOnCopy, RemoveHeadersOnCopy, ); }; };
		0E9BC4071F15E9270032CC05 /* AlamofireImage.framework in Frameworks */ = {isa = PBXBuildFile; fileRef = 0E9BC4051F15E91D0032CC05 /* AlamofireImage.framework */; };
		0E9BC4091F15E9BB0032CC05 /* MoviesListPresenter.swift in Sources */ = {isa = PBXBuildFile; fileRef = 0E9BC4081F15E9BB0032CC05 /* MoviesListPresenter.swift */; };
		0E9BC4101F16B7B40032CC05 /* MoviesListViewController.swift in Sources */ = {isa = PBXBuildFile; fileRef = 0E9BC40F1F16B7B40032CC05 /* MoviesListViewController.swift */; };
		0EB2F1E61F16D7D7003547D4 /* MovieCell.swift in Sources */ = {isa = PBXBuildFile; fileRef = 0EB2F1E51F16D7D7003547D4 /* MovieCell.swift */; };
		0EB2F1EA1F16E5E9003547D4 /* APIClientTests.swift in Sources */ = {isa = PBXBuildFile; fileRef = 0EB2F1E91F16E5E9003547D4 /* APIClientTests.swift */; };
		0EB2F1EB1F16E699003547D4 /* Siesta.framework in Resources */ = {isa = PBXBuildFile; fileRef = 0E9BC3CB1F1554440032CC05 /* Siesta.framework */; };
		0EB2F1EC1F16E6A5003547D4 /* Siesta.framework in Frameworks */ = {isa = PBXBuildFile; fileRef = 0E9BC3CB1F1554440032CC05 /* Siesta.framework */; };
		0EB2F1EE1F16EC2A003547D4 /* CachingProviderTests.swift in Sources */ = {isa = PBXBuildFile; fileRef = 0EB2F1ED1F16EC2A003547D4 /* CachingProviderTests.swift */; };
		0EB2F1F01F1795BC003547D4 /* MoviesProviderTests.swift in Sources */ = {isa = PBXBuildFile; fileRef = 0EB2F1EF1F1795BC003547D4 /* MoviesProviderTests.swift */; };
		0EB2F1F61F17C33B003547D4 /* Mocks.swift in Sources */ = {isa = PBXBuildFile; fileRef = 0EB2F1F51F17C33B003547D4 /* Mocks.swift */; };
		0EB2F1FA1F181177003547D4 /* ViewModelBuilderTests.swift in Sources */ = {isa = PBXBuildFile; fileRef = 0EB2F1F91F181177003547D4 /* ViewModelBuilderTests.swift */; };
		0EB2F1FC1F18220E003547D4 /* SearchMoviesPresenterTests.swift in Sources */ = {isa = PBXBuildFile; fileRef = 0EB2F1FB1F18220E003547D4 /* SearchMoviesPresenterTests.swift */; };
/* End PBXBuildFile section */

/* Begin PBXContainerItemProxy section */
		0E54124D1F154ADE00099B8C /* PBXContainerItemProxy */ = {
			isa = PBXContainerItemProxy;
			containerPortal = 0E5412301F154ADE00099B8C /* Project object */;
			proxyType = 1;
			remoteGlobalIDString = 0E5412371F154ADE00099B8C;
			remoteInfo = MoviesApp;
		};
/* End PBXContainerItemProxy section */

/* Begin PBXCopyFilesBuildPhase section */
		0E9BC3C91F15541C0032CC05 /* CopyFiles */ = {
			isa = PBXCopyFilesBuildPhase;
			buildActionMask = 2147483647;
			dstPath = "";
			dstSubfolderSpec = 10;
			files = (
				0E9BC4061F15E91D0032CC05 /* AlamofireImage.framework in CopyFiles */,
				0E9BC4031F15E1320032CC05 /* MBProgressHUD.framework in CopyFiles */,
				0E9BC3CD1F1554440032CC05 /* Unbox.framework in CopyFiles */,
				0E9BC3CE1F1554440032CC05 /* Siesta.framework in CopyFiles */,
				0E9BC3CF1F1554440032CC05 /* Alamofire.framework in CopyFiles */,
			);
			runOnlyForDeploymentPostprocessing = 0;
		};
/* End PBXCopyFilesBuildPhase section */

/* Begin PBXFileReference section */
		0E5412381F154ADE00099B8C /* MoviesApp.app */ = {isa = PBXFileReference; explicitFileType = wrapper.application; includeInIndex = 0; path = MoviesApp.app; sourceTree = BUILT_PRODUCTS_DIR; };
		0E54123B1F154ADE00099B8C /* AppDelegate.swift */ = {isa = PBXFileReference; lastKnownFileType = sourcecode.swift; path = AppDelegate.swift; sourceTree = "<group>"; };
		0E5412401F154ADE00099B8C /* Base */ = {isa = PBXFileReference; lastKnownFileType = file.storyboard; name = Base; path = Base.lproj/Main.storyboard; sourceTree = "<group>"; };
		0E5412421F154ADE00099B8C /* Assets.xcassets */ = {isa = PBXFileReference; lastKnownFileType = folder.assetcatalog; path = Assets.xcassets; sourceTree = "<group>"; };
		0E5412451F154ADE00099B8C /* Base */ = {isa = PBXFileReference; lastKnownFileType = file.storyboard; name = Base; path = Base.lproj/LaunchScreen.storyboard; sourceTree = "<group>"; };
		0E5412471F154ADE00099B8C /* Info.plist */ = {isa = PBXFileReference; lastKnownFileType = text.plist.xml; path = Info.plist; sourceTree = "<group>"; };
		0E54124C1F154ADE00099B8C /* MoviesAppTests.xctest */ = {isa = PBXFileReference; explicitFileType = wrapper.cfbundle; includeInIndex = 0; path = MoviesAppTests.xctest; sourceTree = BUILT_PRODUCTS_DIR; };
		0E5412501F154ADE00099B8C /* MoviesAppTests.swift */ = {isa = PBXFileReference; lastKnownFileType = sourcecode.swift; path = MoviesAppTests.swift; sourceTree = "<group>"; };
		0E5412521F154ADE00099B8C /* Info.plist */ = {isa = PBXFileReference; lastKnownFileType = text.plist.xml; path = Info.plist; sourceTree = "<group>"; };
		0E9BC3CA1F1554440032CC05 /* Unbox.framework */ = {isa = PBXFileReference; lastKnownFileType = wrapper.framework; name = Unbox.framework; path = ../Carthage/Build/iOS/Unbox.framework; sourceTree = "<group>"; };
		0E9BC3CB1F1554440032CC05 /* Siesta.framework */ = {isa = PBXFileReference; lastKnownFileType = wrapper.framework; name = Siesta.framework; path = ../Carthage/Build/iOS/Siesta.framework; sourceTree = "<group>"; };
		0E9BC3CC1F1554440032CC05 /* Alamofire.framework */ = {isa = PBXFileReference; lastKnownFileType = wrapper.framework; name = Alamofire.framework; path = ../Carthage/Build/iOS/Alamofire.framework; sourceTree = "<group>"; };
		0E9BC3D51F1555E00032CC05 /* APIClient.swift */ = {isa = PBXFileReference; fileEncoding = 4; lastKnownFileType = sourcecode.swift; path = APIClient.swift; sourceTree = "<group>"; };
		0E9BC3D91F1557B90032CC05 /* Networking-Alamofire.swift */ = {isa = PBXFileReference; fileEncoding = 4; lastKnownFileType = sourcecode.swift; path = "Networking-Alamofire.swift"; sourceTree = "<group>"; };
		0E9BC3DD1F155C710032CC05 /* RequestParameters.swift */ = {isa = PBXFileReference; fileEncoding = 4; lastKnownFileType = sourcecode.swift; path = RequestParameters.swift; sourceTree = "<group>"; };
		0E9BC3E01F1561870032CC05 /* Movie.swift */ = {isa = PBXFileReference; fileEncoding = 4; lastKnownFileType = sourcecode.swift; path = Movie.swift; sourceTree = "<group>"; };
		0E9BC3E21F1562980032CC05 /* SearchMoviesAPIClient.swift */ = {isa = PBXFileReference; fileEncoding = 4; lastKnownFileType = sourcecode.swift; path = SearchMoviesAPIClient.swift; sourceTree = "<group>"; };
		0E9BC3E81F156D7C0032CC05 /* CachingProvider.swift */ = {isa = PBXFileReference; fileEncoding = 4; lastKnownFileType = sourcecode.swift; path = CachingProvider.swift; sourceTree = "<group>"; };
		0E9BC3EA1F1575980032CC05 /* MoviesProvider.swift */ = {isa = PBXFileReference; fileEncoding = 4; lastKnownFileType = sourcecode.swift; path = MoviesProvider.swift; sourceTree = "<group>"; };
		0E9BC3F11F15B5780032CC05 /* MoviesViewModelBuilder.swift */ = {isa = PBXFileReference; fileEncoding = 4; lastKnownFileType = sourcecode.swift; path = MoviesViewModelBuilder.swift; sourceTree = "<group>"; };
		0E9BC3F61F15BA3D0032CC05 /* SearchMoviesPresenter.swift */ = {isa = PBXFileReference; fileEncoding = 4; lastKnownFileType = sourcecode.swift; path = SearchMoviesPresenter.swift; sourceTree = "<group>"; };
		0E9BC3FB1F15C34A0032CC05 /* DependeciesProvider.swift */ = {isa = PBXFileReference; fileEncoding = 4; lastKnownFileType = sourcecode.swift; path = DependeciesProvider.swift; sourceTree = "<group>"; };
		0E9BC3FD1F15C3A50032CC05 /* Constants.swift */ = {isa = PBXFileReference; fileEncoding = 4; lastKnownFileType = sourcecode.swift; path = Constants.swift; sourceTree = "<group>"; };
		0E9BC4001F15C7BD0032CC05 /* SearchMoviesViewController.swift */ = {isa = PBXFileReference; fileEncoding = 4; lastKnownFileType = sourcecode.swift; path = SearchMoviesViewController.swift; sourceTree = "<group>"; };
		0E9BC4021F15E1320032CC05 /* MBProgressHUD.framework */ = {isa = PBXFileReference; lastKnownFileType = wrapper.framework; name = MBProgressHUD.framework; path = ../Carthage/Build/iOS/MBProgressHUD.framework; sourceTree = "<group>"; };
		0E9BC4051F15E91D0032CC05 /* AlamofireImage.framework */ = {isa = PBXFileReference; lastKnownFileType = wrapper.framework; name = AlamofireImage.framework; path = ../Carthage/Build/iOS/AlamofireImage.framework; sourceTree = "<group>"; };
		0E9BC4081F15E9BB0032CC05 /* MoviesListPresenter.swift */ = {isa = PBXFileReference; fileEncoding = 4; lastKnownFileType = sourcecode.swift; path = MoviesListPresenter.swift; sourceTree = "<group>"; };
		0E9BC40F1F16B7B40032CC05 /* MoviesListViewController.swift */ = {isa = PBXFileReference; fileEncoding = 4; lastKnownFileType = sourcecode.swift; path = MoviesListViewController.swift; sourceTree = "<group>"; };
		0EB2F1E51F16D7D7003547D4 /* MovieCell.swift */ = {isa = PBXFileReference; fileEncoding = 4; lastKnownFileType = sourcecode.swift; path = MovieCell.swift; sourceTree = "<group>"; };
		0EB2F1E91F16E5E9003547D4 /* APIClientTests.swift */ = {isa = PBXFileReference; fileEncoding = 4; lastKnownFileType = sourcecode.swift; path = APIClientTests.swift; sourceTree = "<group>"; };
		0EB2F1ED1F16EC2A003547D4 /* CachingProviderTests.swift */ = {isa = PBXFileReference; fileEncoding = 4; lastKnownFileType = sourcecode.swift; path = CachingProviderTests.swift; sourceTree = "<group>"; };
		0EB2F1EF1F1795BC003547D4 /* MoviesProviderTests.swift */ = {isa = PBXFileReference; fileEncoding = 4; lastKnownFileType = sourcecode.swift; path = MoviesProviderTests.swift; sourceTree = "<group>"; };
		0EB2F1F51F17C33B003547D4 /* Mocks.swift */ = {isa = PBXFileReference; fileEncoding = 4; lastKnownFileType = sourcecode.swift; path = Mocks.swift; sourceTree = "<group>"; };
		0EB2F1F91F181177003547D4 /* ViewModelBuilderTests.swift */ = {isa = PBXFileReference; fileEncoding = 4; lastKnownFileType = sourcecode.swift; path = ViewModelBuilderTests.swift; sourceTree = "<group>"; };
		0EB2F1FB1F18220E003547D4 /* SearchMoviesPresenterTests.swift */ = {isa = PBXFileReference; fileEncoding = 4; lastKnownFileType = sourcecode.swift; path = SearchMoviesPresenterTests.swift; sourceTree = "<group>"; };
/* End PBXFileReference section */

/* Begin PBXFrameworksBuildPhase section */
		0E5412351F154ADE00099B8C /* Frameworks */ = {
			isa = PBXFrameworksBuildPhase;
			buildActionMask = 2147483647;
			files = (
				0E9BC4041F15E13E0032CC05 /* MBProgressHUD.framework in Frameworks */,
				0E9BC3D11F15545A0032CC05 /* Unbox.framework in Frameworks */,
				0E9BC3D21F15545A0032CC05 /* Siesta.framework in Frameworks */,
				0E9BC4071F15E9270032CC05 /* AlamofireImage.framework in Frameworks */,
				0E9BC3D31F15545A0032CC05 /* Alamofire.framework in Frameworks */,
			);
			runOnlyForDeploymentPostprocessing = 0;
		};
		0E5412491F154ADE00099B8C /* Frameworks */ = {
			isa = PBXFrameworksBuildPhase;
			buildActionMask = 2147483647;
			files = (
				0EB2F1EC1F16E6A5003547D4 /* Siesta.framework in Frameworks */,
			);
			runOnlyForDeploymentPostprocessing = 0;
		};
/* End PBXFrameworksBuildPhase section */

/* Begin PBXGroup section */
		0E54122F1F154ADE00099B8C = {
			isa = PBXGroup;
			children = (
				0E54123A1F154ADE00099B8C /* MoviesApp */,
				0E54124F1F154ADE00099B8C /* MoviesAppTests */,
				0E5412391F154ADE00099B8C /* Products */,
			);
			sourceTree = "<group>";
		};
		0E5412391F154ADE00099B8C /* Products */ = {
			isa = PBXGroup;
			children = (
				0E5412381F154ADE00099B8C /* MoviesApp.app */,
				0E54124C1F154ADE00099B8C /* MoviesAppTests.xctest */,
			);
			name = Products;
			sourceTree = "<group>";
		};
		0E54123A1F154ADE00099B8C /* MoviesApp */ = {
			isa = PBXGroup;
			children = (
				0E9BC3FD1F15C3A50032CC05 /* Constants.swift */,
				0E9BC3D41F1555E00032CC05 /* API */,
				0E9BC3DF1F1561780032CC05 /* Model */,
				0E9BC3E71F156D620032CC05 /* Providers */,
				0E9BC3F51F15BA3D0032CC05 /* Presenters */,
				0E9BC3FF1F15C7BD0032CC05 /* ViewControllers */,
				0E54123B1F154ADE00099B8C /* AppDelegate.swift */,
				0E54123F1F154ADE00099B8C /* Main.storyboard */,
				0E5412421F154ADE00099B8C /* Assets.xcassets */,
				0E5412441F154ADE00099B8C /* LaunchScreen.storyboard */,
				0E5412471F154ADE00099B8C /* Info.plist */,
				0E9BC3D01F15544B0032CC05 /* Frameworks */,
			);
			path = MoviesApp;
			sourceTree = "<group>";
		};
		0E54124F1F154ADE00099B8C /* MoviesAppTests */ = {
			isa = PBXGroup;
			children = (
				0E5412501F154ADE00099B8C /* MoviesAppTests.swift */,
				0E5412521F154ADE00099B8C /* Info.plist */,
				0EB2F1E91F16E5E9003547D4 /* APIClientTests.swift */,
				0EB2F1ED1F16EC2A003547D4 /* CachingProviderTests.swift */,
				0EB2F1F51F17C33B003547D4 /* Mocks.swift */,
				0EB2F1EF1F1795BC003547D4 /* MoviesProviderTests.swift */,
				0EB2F1F91F181177003547D4 /* ViewModelBuilderTests.swift */,
				0EB2F1FB1F18220E003547D4 /* SearchMoviesPresenterTests.swift */,
			);
			path = MoviesAppTests;
			sourceTree = "<group>";
		};
		0E9BC3D01F15544B0032CC05 /* Frameworks */ = {
			isa = PBXGroup;
			children = (
				0E9BC4051F15E91D0032CC05 /* AlamofireImage.framework */,
				0E9BC4021F15E1320032CC05 /* MBProgressHUD.framework */,
				0E9BC3CA1F1554440032CC05 /* Unbox.framework */,
				0E9BC3CB1F1554440032CC05 /* Siesta.framework */,
				0E9BC3CC1F1554440032CC05 /* Alamofire.framework */,
			);
			name = Frameworks;
			sourceTree = "<group>";
		};
		0E9BC3D41F1555E00032CC05 /* API */ = {
			isa = PBXGroup;
			children = (
				0E9BC3D91F1557B90032CC05 /* Networking-Alamofire.swift */,
				0E9BC3D51F1555E00032CC05 /* APIClient.swift */,
				0E9BC3DD1F155C710032CC05 /* RequestParameters.swift */,
				0E9BC3E21F1562980032CC05 /* SearchMoviesAPIClient.swift */,
			);
			path = API;
			sourceTree = "<group>";
		};
		0E9BC3DF1F1561780032CC05 /* Model */ = {
			isa = PBXGroup;
			children = (
				0E9BC3E01F1561870032CC05 /* Movie.swift */,
			);
			path = Model;
			sourceTree = "<group>";
		};
		0E9BC3E71F156D620032CC05 /* Providers */ = {
			isa = PBXGroup;
			children = (
				0E9BC3E81F156D7C0032CC05 /* CachingProvider.swift */,
				0E9BC3EA1F1575980032CC05 /* MoviesProvider.swift */,
				0E9BC3F11F15B5780032CC05 /* MoviesViewModelBuilder.swift */,
				0E9BC3FB1F15C34A0032CC05 /* DependeciesProvider.swift */,
			);
			path = Providers;
			sourceTree = "<group>";
		};
		0E9BC3F51F15BA3D0032CC05 /* Presenters */ = {
			isa = PBXGroup;
			children = (
				0E9BC3F61F15BA3D0032CC05 /* SearchMoviesPresenter.swift */,
				0E9BC4081F15E9BB0032CC05 /* MoviesListPresenter.swift */,
			);
			path = Presenters;
			sourceTree = "<group>";
		};
		0E9BC3FF1F15C7BD0032CC05 /* ViewControllers */ = {
			isa = PBXGroup;
			children = (
				0E9BC4001F15C7BD0032CC05 /* SearchMoviesViewController.swift */,
				0E9BC40F1F16B7B40032CC05 /* MoviesListViewController.swift */,
				0EB2F1E41F16D7CD003547D4 /* MovieCell */,
			);
			path = ViewControllers;
			sourceTree = "<group>";
		};
		0EB2F1E41F16D7CD003547D4 /* MovieCell */ = {
			isa = PBXGroup;
			children = (
				0EB2F1E51F16D7D7003547D4 /* MovieCell.swift */,
			);
			path = MovieCell;
			sourceTree = "<group>";
		};
/* End PBXGroup section */

/* Begin PBXNativeTarget section */
		0E5412371F154ADE00099B8C /* MoviesApp */ = {
			isa = PBXNativeTarget;
			buildConfigurationList = 0E5412551F154ADE00099B8C /* Build configuration list for PBXNativeTarget "MoviesApp" */;
			buildPhases = (
				0E5412341F154ADE00099B8C /* Sources */,
				0E5412351F154ADE00099B8C /* Frameworks */,
				0E5412361F154ADE00099B8C /* Resources */,
				0E9BC3C91F15541C0032CC05 /* CopyFiles */,
			);
			buildRules = (
			);
			dependencies = (
			);
			name = MoviesApp;
			productName = MoviesApp;
			productReference = 0E5412381F154ADE00099B8C /* MoviesApp.app */;
			productType = "com.apple.product-type.application";
		};
		0E54124B1F154ADE00099B8C /* MoviesAppTests */ = {
			isa = PBXNativeTarget;
			buildConfigurationList = 0E5412581F154ADE00099B8C /* Build configuration list for PBXNativeTarget "MoviesAppTests" */;
			buildPhases = (
				0E5412481F154ADE00099B8C /* Sources */,
				0E5412491F154ADE00099B8C /* Frameworks */,
				0E54124A1F154ADE00099B8C /* Resources */,
			);
			buildRules = (
			);
			dependencies = (
				0E54124E1F154ADE00099B8C /* PBXTargetDependency */,
			);
			name = MoviesAppTests;
			productName = MoviesAppTests;
			productReference = 0E54124C1F154ADE00099B8C /* MoviesAppTests.xctest */;
			productType = "com.apple.product-type.bundle.unit-test";
		};
/* End PBXNativeTarget section */

/* Begin PBXProject section */
		0E5412301F154ADE00099B8C /* Project object */ = {
			isa = PBXProject;
			attributes = {
				LastSwiftUpdateCheck = 0830;
				LastUpgradeCheck = 0830;
				TargetAttributes = {
					0E5412371F154ADE00099B8C = {
						CreatedOnToolsVersion = 8.3.2;
						ProvisioningStyle = Automatic;
					};
					0E54124B1F154ADE00099B8C = {
						CreatedOnToolsVersion = 8.3.2;
						ProvisioningStyle = Automatic;
						TestTargetID = 0E5412371F154ADE00099B8C;
					};
				};
			};
			buildConfigurationList = 0E5412331F154ADE00099B8C /* Build configuration list for PBXProject "MoviesApp" */;
			compatibilityVersion = "Xcode 3.2";
			developmentRegion = English;
			hasScannedForEncodings = 0;
			knownRegions = (
				en,
				Base,
			);
			mainGroup = 0E54122F1F154ADE00099B8C;
			productRefGroup = 0E5412391F154ADE00099B8C /* Products */;
			projectDirPath = "";
			projectRoot = "";
			targets = (
				0E5412371F154ADE00099B8C /* MoviesApp */,
				0E54124B1F154ADE00099B8C /* MoviesAppTests */,
			);
		};
/* End PBXProject section */

/* Begin PBXResourcesBuildPhase section */
		0E5412361F154ADE00099B8C /* Resources */ = {
			isa = PBXResourcesBuildPhase;
			buildActionMask = 2147483647;
			files = (
				0E5412461F154ADE00099B8C /* LaunchScreen.storyboard in Resources */,
				0E5412431F154ADE00099B8C /* Assets.xcassets in Resources */,
				0E5412411F154ADE00099B8C /* Main.storyboard in Resources */,
			);
			runOnlyForDeploymentPostprocessing = 0;
		};
		0E54124A1F154ADE00099B8C /* Resources */ = {
			isa = PBXResourcesBuildPhase;
			buildActionMask = 2147483647;
			files = (
				0EB2F1EB1F16E699003547D4 /* Siesta.framework in Resources */,
			);
			runOnlyForDeploymentPostprocessing = 0;
		};
/* End PBXResourcesBuildPhase section */

/* Begin PBXSourcesBuildPhase section */
		0E5412341F154ADE00099B8C /* Sources */ = {
			isa = PBXSourcesBuildPhase;
			buildActionMask = 2147483647;
			files = (
				0E9BC3EB1F1575980032CC05 /* MoviesProvider.swift in Sources */,
				0EB2F1E61F16D7D7003547D4 /* MovieCell.swift in Sources */,
				0E9BC3E91F156D7C0032CC05 /* CachingProvider.swift in Sources */,
				0E9BC4091F15E9BB0032CC05 /* MoviesListPresenter.swift in Sources */,
				0E9BC4011F15C7BD0032CC05 /* SearchMoviesViewController.swift in Sources */,
				0E9BC3E31F1562980032CC05 /* SearchMoviesAPIClient.swift in Sources */,
				0E9BC3DA1F1557B90032CC05 /* Networking-Alamofire.swift in Sources */,
				0E9BC4101F16B7B40032CC05 /* MoviesListViewController.swift in Sources */,
				0E9BC3E11F1561870032CC05 /* Movie.swift in Sources */,
				0E54123C1F154ADE00099B8C /* AppDelegate.swift in Sources */,
				0E9BC3FE1F15C3A50032CC05 /* Constants.swift in Sources */,
				0E9BC3F71F15BA3D0032CC05 /* SearchMoviesPresenter.swift in Sources */,
				0E9BC3FC1F15C34A0032CC05 /* DependeciesProvider.swift in Sources */,
				0E9BC3F21F15B5780032CC05 /* MoviesViewModelBuilder.swift in Sources */,
				0E9BC3DE1F155C710032CC05 /* RequestParameters.swift in Sources */,
				0E9BC3D61F1555E00032CC05 /* APIClient.swift in Sources */,
			);
			runOnlyForDeploymentPostprocessing = 0;
		};
		0E5412481F154ADE00099B8C /* Sources */ = {
			isa = PBXSourcesBuildPhase;
			buildActionMask = 2147483647;
			files = (
				0E5412511F154ADE00099B8C /* MoviesAppTests.swift in Sources */,
				0EB2F1F01F1795BC003547D4 /* MoviesProviderTests.swift in Sources */,
				0EB2F1EE1F16EC2A003547D4 /* CachingProviderTests.swift in Sources */,
				0EB2F1EA1F16E5E9003547D4 /* APIClientTests.swift in Sources */,
				0EB2F1FC1F18220E003547D4 /* SearchMoviesPresenterTests.swift in Sources */,
				0EB2F1FA1F181177003547D4 /* ViewModelBuilderTests.swift in Sources */,
				0EB2F1F61F17C33B003547D4 /* Mocks.swift in Sources */,
			);
			runOnlyForDeploymentPostprocessing = 0;
		};
/* End PBXSourcesBuildPhase section */

/* Begin PBXTargetDependency section */
		0E54124E1F154ADE00099B8C /* PBXTargetDependency */ = {
			isa = PBXTargetDependency;
			target = 0E5412371F154ADE00099B8C /* MoviesApp */;
			targetProxy = 0E54124D1F154ADE00099B8C /* PBXContainerItemProxy */;
		};
/* End PBXTargetDependency section */

/* Begin PBXVariantGroup section */
		0E54123F1F154ADE00099B8C /* Main.storyboard */ = {
			isa = PBXVariantGroup;
			children = (
				0E5412401F154ADE00099B8C /* Base */,
			);
			name = Main.storyboard;
			sourceTree = "<group>";
		};
		0E5412441F154ADE00099B8C /* LaunchScreen.storyboard */ = {
			isa = PBXVariantGroup;
			children = (
				0E5412451F154ADE00099B8C /* Base */,
			);
			name = LaunchScreen.storyboard;
			sourceTree = "<group>";
		};
/* End PBXVariantGroup section */

/* Begin XCBuildConfiguration section */
		0E5412531F154ADE00099B8C /* Debug */ = {
			isa = XCBuildConfiguration;
			buildSettings = {
				ALWAYS_SEARCH_USER_PATHS = NO;
				CLANG_ANALYZER_NONNULL = YES;
				CLANG_ANALYZER_NUMBER_OBJECT_CONVERSION = YES_AGGRESSIVE;
				CLANG_CXX_LANGUAGE_STANDARD = "gnu++0x";
				CLANG_CXX_LIBRARY = "libc++";
				CLANG_ENABLE_MODULES = YES;
				CLANG_ENABLE_OBJC_ARC = YES;
				CLANG_WARN_BOOL_CONVERSION = YES;
				CLANG_WARN_CONSTANT_CONVERSION = YES;
				CLANG_WARN_DIRECT_OBJC_ISA_USAGE = YES_ERROR;
				CLANG_WARN_DOCUMENTATION_COMMENTS = YES;
				CLANG_WARN_EMPTY_BODY = YES;
				CLANG_WARN_ENUM_CONVERSION = YES;
				CLANG_WARN_INFINITE_RECURSION = YES;
				CLANG_WARN_INT_CONVERSION = YES;
				CLANG_WARN_OBJC_ROOT_CLASS = YES_ERROR;
				CLANG_WARN_SUSPICIOUS_MOVE = YES;
				CLANG_WARN_UNREACHABLE_CODE = YES;
				CLANG_WARN__DUPLICATE_METHOD_MATCH = YES;
				"CODE_SIGN_IDENTITY[sdk=iphoneos*]" = "iPhone Developer";
				COPY_PHASE_STRIP = NO;
				DEBUG_INFORMATION_FORMAT = dwarf;
				ENABLE_STRICT_OBJC_MSGSEND = YES;
				ENABLE_TESTABILITY = YES;
				GCC_C_LANGUAGE_STANDARD = gnu99;
				GCC_DYNAMIC_NO_PIC = NO;
				GCC_NO_COMMON_BLOCKS = YES;
				GCC_OPTIMIZATION_LEVEL = 0;
				GCC_PREPROCESSOR_DEFINITIONS = (
					"DEBUG=1",
					"$(inherited)",
				);
				GCC_WARN_64_TO_32_BIT_CONVERSION = YES;
				GCC_WARN_ABOUT_RETURN_TYPE = YES_ERROR;
				GCC_WARN_UNDECLARED_SELECTOR = YES;
				GCC_WARN_UNINITIALIZED_AUTOS = YES_AGGRESSIVE;
				GCC_WARN_UNUSED_FUNCTION = YES;
				GCC_WARN_UNUSED_VARIABLE = YES;
				IPHONEOS_DEPLOYMENT_TARGET = 10.3;
				MTL_ENABLE_DEBUG_INFO = YES;
				ONLY_ACTIVE_ARCH = YES;
				SDKROOT = iphoneos;
				SWIFT_ACTIVE_COMPILATION_CONDITIONS = DEBUG;
				SWIFT_OPTIMIZATION_LEVEL = "-Onone";
			};
			name = Debug;
		};
		0E5412541F154ADE00099B8C /* Release */ = {
			isa = XCBuildConfiguration;
			buildSettings = {
				ALWAYS_SEARCH_USER_PATHS = NO;
				CLANG_ANALYZER_NONNULL = YES;
				CLANG_ANALYZER_NUMBER_OBJECT_CONVERSION = YES_AGGRESSIVE;
				CLANG_CXX_LANGUAGE_STANDARD = "gnu++0x";
				CLANG_CXX_LIBRARY = "libc++";
				CLANG_ENABLE_MODULES = YES;
				CLANG_ENABLE_OBJC_ARC = YES;
				CLANG_WARN_BOOL_CONVERSION = YES;
				CLANG_WARN_CONSTANT_CONVERSION = YES;
				CLANG_WARN_DIRECT_OBJC_ISA_USAGE = YES_ERROR;
				CLANG_WARN_DOCUMENTATION_COMMENTS = YES;
				CLANG_WARN_EMPTY_BODY = YES;
				CLANG_WARN_ENUM_CONVERSION = YES;
				CLANG_WARN_INFINITE_RECURSION = YES;
				CLANG_WARN_INT_CONVERSION = YES;
				CLANG_WARN_OBJC_ROOT_CLASS = YES_ERROR;
				CLANG_WARN_SUSPICIOUS_MOVE = YES;
				CLANG_WARN_UNREACHABLE_CODE = YES;
				CLANG_WARN__DUPLICATE_METHOD_MATCH = YES;
				"CODE_SIGN_IDENTITY[sdk=iphoneos*]" = "iPhone Developer";
				COPY_PHASE_STRIP = NO;
				DEBUG_INFORMATION_FORMAT = "dwarf-with-dsym";
				ENABLE_NS_ASSERTIONS = NO;
				ENABLE_STRICT_OBJC_MSGSEND = YES;
				GCC_C_LANGUAGE_STANDARD = gnu99;
				GCC_NO_COMMON_BLOCKS = YES;
				GCC_WARN_64_TO_32_BIT_CONVERSION = YES;
				GCC_WARN_ABOUT_RETURN_TYPE = YES_ERROR;
				GCC_WARN_UNDECLARED_SELECTOR = YES;
				GCC_WARN_UNINITIALIZED_AUTOS = YES_AGGRESSIVE;
				GCC_WARN_UNUSED_FUNCTION = YES;
				GCC_WARN_UNUSED_VARIABLE = YES;
				IPHONEOS_DEPLOYMENT_TARGET = 10.3;
				MTL_ENABLE_DEBUG_INFO = NO;
				SDKROOT = iphoneos;
				SWIFT_OPTIMIZATION_LEVEL = "-Owholemodule";
				VALIDATE_PRODUCT = YES;
			};
			name = Release;
		};
		0E5412561F154ADE00099B8C /* Debug */ = {
			isa = XCBuildConfiguration;
			buildSettings = {
				ASSETCATALOG_COMPILER_APPICON_NAME = AppIcon;
				FRAMEWORK_SEARCH_PATHS = (
					"$(inherited)",
					"$(PROJECT_DIR)/Carthage/Build/iOS",
				);
				INFOPLIST_FILE = MoviesApp/Info.plist;
				LD_RUNPATH_SEARCH_PATHS = "$(inherited) @executable_path/Frameworks";
				PRODUCT_BUNDLE_IDENTIFIER = organization.MoviesApp;
				PRODUCT_NAME = "$(TARGET_NAME)";
				SWIFT_VERSION = 3.0;
			};
			name = Debug;
		};
		0E5412571F154ADE00099B8C /* Release */ = {
			isa = XCBuildConfiguration;
			buildSettings = {
				ASSETCATALOG_COMPILER_APPICON_NAME = AppIcon;
				FRAMEWORK_SEARCH_PATHS = (
					"$(inherited)",
					"$(PROJECT_DIR)/Carthage/Build/iOS",
				);
				INFOPLIST_FILE = MoviesApp/Info.plist;
				LD_RUNPATH_SEARCH_PATHS = "$(inherited) @executable_path/Frameworks";
				PRODUCT_BUNDLE_IDENTIFIER = organization.MoviesApp;
				PRODUCT_NAME = "$(TARGET_NAME)";
				SWIFT_VERSION = 3.0;
			};
			name = Release;
		};
		0E5412591F154ADE00099B8C /* Debug */ = {
			isa = XCBuildConfiguration;
			buildSettings = {
				ALWAYS_EMBED_SWIFT_STANDARD_LIBRARIES = YES;
				BUNDLE_LOADER = "$(TEST_HOST)";
				FRAMEWORK_SEARCH_PATHS = (
					"$(inherited)",
					"$(PROJECT_DIR)/Carthage/Build/iOS",
				);
				INFOPLIST_FILE = MoviesAppTests/Info.plist;
				LD_RUNPATH_SEARCH_PATHS = "$(inherited) @executable_path/Frameworks @loader_path/Frameworks";
				PRODUCT_BUNDLE_IDENTIFIER = organization.MoviesAppTests;
				PRODUCT_NAME = "$(TARGET_NAME)";
				SWIFT_VERSION = 3.0;
				TEST_HOST = "$(BUILT_PRODUCTS_DIR)/MoviesApp.app/MoviesApp";
			};
			name = Debug;
		};
		0E54125A1F154ADE00099B8C /* Release */ = {
			isa = XCBuildConfiguration;
			buildSettings = {
				ALWAYS_EMBED_SWIFT_STANDARD_LIBRARIES = YES;
				BUNDLE_LOADER = "$(TEST_HOST)";
				FRAMEWORK_SEARCH_PATHS = (
					"$(inherited)",
					"$(PROJECT_DIR)/Carthage/Build/iOS",
				);
				INFOPLIST_FILE = MoviesAppTests/Info.plist;
				LD_RUNPATH_SEARCH_PATHS = "$(inherited) @executable_path/Frameworks @loader_path/Frameworks";
				PRODUCT_BUNDLE_IDENTIFIER = organization.MoviesAppTests;
				PRODUCT_NAME = "$(TARGET_NAME)";
				SWIFT_VERSION = 3.0;
				TEST_HOST = "$(BUILT_PRODUCTS_DIR)/MoviesApp.app/MoviesApp";
			};
			name = Release;
		};
/* End XCBuildConfiguration section */

/* Begin XCConfigurationList section */
		0E5412331F154ADE00099B8C /* Build configuration list for PBXProject "MoviesApp" */ = {
			isa = XCConfigurationList;
			buildConfigurations = (
				0E5412531F154ADE00099B8C /* Debug */,
				0E5412541F154ADE00099B8C /* Release */,
			);
			defaultConfigurationIsVisible = 0;
			defaultConfigurationName = Release;
		};
		0E5412551F154ADE00099B8C /* Build configuration list for PBXNativeTarget "MoviesApp" */ = {
			isa = XCConfigurationList;
			buildConfigurations = (
				0E5412561F154ADE00099B8C /* Debug */,
				0E5412571F154ADE00099B8C /* Release */,
			);
			defaultConfigurationIsVisible = 0;
			defaultConfigurationName = Release;
		};
		0E5412581F154ADE00099B8C /* Build configuration list for PBXNativeTarget "MoviesAppTests" */ = {
			isa = XCConfigurationList;
			buildConfigurations = (
				0E5412591F154ADE00099B8C /* Debug */,
				0E54125A1F154ADE00099B8C /* Release */,
			);
			defaultConfigurationIsVisible = 0;
			defaultConfigurationName = Release;
		};
/* End XCConfigurationList section */
	};
	rootObject = 0E5412301F154ADE00099B8C /* Project object */;
}
